lockfileVersion: '9.0'

settings:
  autoInstallPeers: true
  excludeLinksFromLockfile: false

importers:

  .:
    devDependencies:
      preact:
        specifier: 10.28.4
        version: 10.28.4

packages:

  preact@10.28.4:
    resolution: {integrity: sha512-uKFfOHWuSNpRFVTnljsCluEFq57OKT+0QdOiQo8XWnQ/pSvg7OpX5eNOejELXJMWy+BwM2nobz0FkvzmnpCNsQ==}

snapshots:

  preact@10.28.4: {}
